
Microsoft Visual Studio Solution File, Format Version 12.00
# Visual Studio 15
VisualStudioVersion = 15.0.27130.2027
MinimumVisualStudioVersion = 10.0.40219.1
Project("{FAE04EC0-301F-11D3-BF4B-00C04F79EFBC}") = "USBF.Android", "USBF\USBF.Android\USBF.Android.csproj", "{4BEE3CD6-430E-4718-A4A1-1CF8000C6B16}"
EndProject
Project("{FAE04EC0-301F-11D3-BF4B-00C04F79EFBC}") = "USBF.iOS", "USBF\USBF.iOS\USBF.iOS.csproj", "{14E6A35C-FA95-43ED-972A-807AA315FAED}"
EndProject
Project("{FAE04EC0-301F-11D3-BF4B-00C04F79EFBC}") = "USBF.UWP", "USBF\USBF.UWP\USBF.UWP.csproj", "{67C7E52C-020F-4533-81B1-36E21C9C1F1D}"
EndProject
Project("{FAE04EC0-301F-11D3-BF4B-00C04F79EFBC}") = "USBF", "USBF\USBF\USBF.csproj", "{B480BFF2-15FE-46E0-B736-9B6AE89E2B69}"
EndProject
Global
	GlobalSection(SolutionConfigurationPlatforms) = preSolution
		Ad-Hoc|Any CPU = Ad-Hoc|Any CPU
		Ad-Hoc|ARM = Ad-Hoc|ARM
		Ad-Hoc|iPhone = Ad-Hoc|iPhone
		Ad-Hoc|iPhoneSimulator = Ad-Hoc|iPhoneSimulator
		Ad-Hoc|x64 = Ad-Hoc|x64
		Ad-Hoc|x86 = Ad-Hoc|x86
		AppStore|Any CPU = AppStore|Any CPU
		AppStore|ARM = AppStore|ARM
		AppStore|iPhone = AppStore|iPhone
		AppStore|iPhoneSimulator = AppStore|iPhoneSimulator
		AppStore|x64 = AppStore|x64
		AppStore|x86 = AppStore|x86
		Debug|Any CPU = Debug|Any CPU
		Debug|ARM = Debug|ARM
		Debug|iPhone = Debug|iPhone
		Debug|iPhoneSimulator = Debug|iPhoneSimulator
		Debug|x64 = Debug|x64
		Debug|x86 = Debug|x86
		Release|Any CPU = Release|Any CPU
		Release|ARM = Release|ARM
		Release|iPhone = Release|iPhone
		Release|iPhoneSimulator = Release|iPhoneSimulator
		Release|x64 = Release|x64
		Release|x86 = Release|x86
	EndGlobalSection
	GlobalSection(ProjectConfigurationPlatforms) = postSolution
		{4BEE3CD6-430E-4718-A4A1-1CF8000C6B16}.Ad-Hoc|Any CPU.ActiveCfg = Release|Any CPU
		{4BEE3CD6-430E-4718-A4A1-1CF8000C6B16}.Ad-Hoc|Any CPU.Build.0 = Release|Any CPU
		{4BEE3CD6-430E-4718-A4A1-1CF8000C6B16}.Ad-Hoc|Any CPU.Deploy.0 = Release|Any CPU
		{4BEE3CD6-430E-4718-A4A1-1CF8000C6B16}.Ad-Hoc|ARM.ActiveCfg = Release|Any CPU
		{4BEE3CD6-430E-4718-A4A1-1CF8000C6B16}.Ad-Hoc|ARM.Build.0 = Release|Any CPU
		{4BEE3CD6-430E-4718-A4A1-1CF8000C6B16}.Ad-Hoc|ARM.Deploy.0 = Release|Any CPU
		{4BEE3CD6-430E-4718-A4A1-1CF8000C6B16}.Ad-Hoc|iPhone.ActiveCfg = Release|Any CPU
		{4BEE3CD6-430E-4718-A4A1-1CF8000C6B16}.Ad-Hoc|iPhone.Build.0 = Release|Any CPU
		{4BEE3CD6-430E-4718-A4A1-1CF8000C6B16}.Ad-Hoc|iPhone.Deploy.0 = Release|Any CPU
		{4BEE3CD6-430E-4718-A4A1-1CF8000C6B16}.Ad-Hoc|iPhoneSimulator.ActiveCfg = Release|Any CPU
		{4BEE3CD6-430E-4718-A4A1-1CF8000C6B16}.Ad-Hoc|iPhoneSimulator.Build.0 = Release|Any CPU
		{4BEE3CD6-430E-4718-A4A1-1CF8000C6B16}.Ad-Hoc|iPhoneSimulator.Deploy.0 = Release|Any CPU
		{4BEE3CD6-430E-4718-A4A1-1CF8000C6B16}.Ad-Hoc|x64.ActiveCfg = Release|Any CPU
		{4BEE3CD6-430E-4718-A4A1-1CF8000C6B16}.Ad-Hoc|x64.Build.0 = Release|Any CPU
		{4BEE3CD6-430E-4718-A4A1-1CF8000C6B16}.Ad-Hoc|x64.Deploy.0 = Release|Any CPU
		{4BEE3CD6-430E-4718-A4A1-1CF8000C6B16}.Ad-Hoc|x86.ActiveCfg = Release|Any CPU
		{4BEE3CD6-430E-4718-A4A1-1CF8000C6B16}.Ad-Hoc|x86.Build.0 = Release|Any CPU
		{4BEE3CD6-430E-4718-A4A1-1CF8000C6B16}.Ad-Hoc|x86.Deploy.0 = Release|Any CPU
		{4BEE3CD6-430E-4718-A4A1-1CF8000C6B16}.AppStore|Any CPU.ActiveCfg = Release|Any CPU
		{4BEE3CD6-430E-4718-A4A1-1CF8000C6B16}.AppStore|Any CPU.Build.0 = Release|Any CPU
		{4BEE3CD6-430E-4718-A4A1-1CF8000C6B16}.AppStore|Any CPU.Deploy.0 = Release|Any CPU
		{4BEE3CD6-430E-4718-A4A1-1CF8000C6B16}.AppStore|ARM.ActiveCfg = Release|Any CPU
		{4BEE3CD6-430E-4718-A4A1-1CF8000C6B16}.AppStore|ARM.Build.0 = Release|Any CPU
		{4BEE3CD6-430E-4718-A4A1-1CF8000C6B16}.AppStore|ARM.Deploy.0 = Release|Any CPU
		{4BEE3CD6-430E-4718-A4A1-1CF8000C6B16}.AppStore|iPhone.ActiveCfg = Release|Any CPU
		{4BEE3CD6-430E-4718-A4A1-1CF8000C6B16}.AppStore|iPhone.Build.0 = Release|Any CPU
		{4BEE3CD6-430E-4718-A4A1-1CF8000C6B16}.AppStore|iPhone.Deploy.0 = Release|Any CPU
		{4BEE3CD6-430E-4718-A4A1-1CF8000C6B16}.AppStore|iPhoneSimulator.ActiveCfg = Release|Any CPU
		{4BEE3CD6-430E-4718-A4A1-1CF8000C6B16}.AppStore|iPhoneSimulator.Build.0 = Release|Any CPU
		{4BEE3CD6-430E-4718-A4A1-1CF8000C6B16}.AppStore|iPhoneSimulator.Deploy.0 = Release|Any CPU
		{4BEE3CD6-430E-4718-A4A1-1CF8000C6B16}.AppStore|x64.ActiveCfg = Release|Any CPU
		{4BEE3CD6-430E-4718-A4A1-1CF8000C6B16}.AppStore|x64.Build.0 = Release|Any CPU
		{4BEE3CD6-430E-4718-A4A1-1CF8000C6B16}.AppStore|x64.Deploy.0 = Release|Any CPU
		{4BEE3CD6-430E-4718-A4A1-1CF8000C6B16}.AppStore|x86.ActiveCfg = Release|Any CPU
		{4BEE3CD6-430E-4718-A4A1-1CF8000C6B16}.AppStore|x86.Build.0 = Release|Any CPU
		{4BEE3CD6-430E-4718-A4A1-1CF8000C6B16}.AppStore|x86.Deploy.0 = Release|Any CPU
		{4BEE3CD6-430E-4718-A4A1-1CF8000C6B16}.Debug|Any CPU.ActiveCfg = Debug|Any CPU
		{4BEE3CD6-430E-4718-A4A1-1CF8000C6B16}.Debug|Any CPU.Build.0 = Debug|Any CPU
		{4BEE3CD6-430E-4718-A4A1-1CF8000C6B16}.Debug|Any CPU.Deploy.0 = Debug|Any CPU
		{4BEE3CD6-430E-4718-A4A1-1CF8000C6B16}.Debug|ARM.ActiveCfg = Debug|Any CPU
		{4BEE3CD6-430E-4718-A4A1-1CF8000C6B16}.Debug|ARM.Build.0 = Debug|Any CPU
		{4BEE3CD6-430E-4718-A4A1-1CF8000C6B16}.Debug|ARM.Deploy.0 = Debug|Any CPU
		{4BEE3CD6-430E-4718-A4A1-1CF8000C6B16}.Debug|iPhone.ActiveCfg = Debug|Any CPU
		{4BEE3CD6-430E-4718-A4A1-1CF8000C6B16}.Debug|iPhone.Build.0 = Debug|Any CPU
		{4BEE3CD6-430E-4718-A4A1-1CF8000C6B16}.Debug|iPhone.Deploy.0 = Debug|Any CPU
		{4BEE3CD6-430E-4718-A4A1-1CF8000C6B16}.Debug|iPhoneSimulator.ActiveCfg = Debug|Any CPU
		{4BEE3CD6-430E-4718-A4A1-1CF8000C6B16}.Debug|iPhoneSimulator.Build.0 = Debug|Any CPU
		{4BEE3CD6-430E-4718-A4A1-1CF8000C6B16}.Debug|iPhoneSimulator.Deploy.0 = Debug|Any CPU
		{4BEE3CD6-430E-4718-A4A1-1CF8000C6B16}.Debug|x64.ActiveCfg = Debug|Any CPU
		{4BEE3CD6-430E-4718-A4A1-1CF8000C6B16}.Debug|x64.Build.0 = Debug|Any CPU
		{4BEE3CD6-430E-4718-A4A1-1CF8000C6B16}.Debug|x64.Deploy.0 = Debug|Any CPU
		{4BEE3CD6-430E-4718-A4A1-1CF8000C6B16}.Debug|x86.ActiveCfg = Debug|Any CPU
		{4BEE3CD6-430E-4718-A4A1-1CF8000C6B16}.Debug|x86.Build.0 = Debug|Any CPU
		{4BEE3CD6-430E-4718-A4A1-1CF8000C6B16}.Debug|x86.Deploy.0 = Debug|Any CPU
		{4BEE3CD6-430E-4718-A4A1-1CF8000C6B16}.Release|Any CPU.ActiveCfg = Release|Any CPU
		{4BEE3CD6-430E-4718-A4A1-1CF8000C6B16}.Release|Any CPU.Build.0 = Release|Any CPU
		{4BEE3CD6-430E-4718-A4A1-1CF8000C6B16}.Release|Any CPU.Deploy.0 = Release|Any CPU
		{4BEE3CD6-430E-4718-A4A1-1CF8000C6B16}.Release|ARM.ActiveCfg = Release|Any CPU
		{4BEE3CD6-430E-4718-A4A1-1CF8000C6B16}.Release|ARM.Build.0 = Release|Any CPU
		{4BEE3CD6-430E-4718-A4A1-1CF8000C6B16}.Release|ARM.Deploy.0 = Release|Any CPU
		{4BEE3CD6-430E-4718-A4A1-1CF8000C6B16}.Release|iPhone.ActiveCfg = Release|Any CPU
		{4BEE3CD6-430E-4718-A4A1-1CF8000C6B16}.Release|iPhone.Build.0 = Release|Any CPU
		{4BEE3CD6-430E-4718-A4A1-1CF8000C6B16}.Release|iPhone.Deploy.0 = Release|Any CPU
		{4BEE3CD6-430E-4718-A4A1-1CF8000C6B16}.Release|iPhoneSimulator.ActiveCfg = Release|Any CPU
		{4BEE3CD6-430E-4718-A4A1-1CF8000C6B16}.Release|iPhoneSimulator.Build.0 = Release|Any CPU
		{4BEE3CD6-430E-4718-A4A1-1CF8000C6B16}.Release|iPhoneSimulator.Deploy.0 = Release|Any CPU
		{4BEE3CD6-430E-4718-A4A1-1CF8000C6B16}.Release|x64.ActiveCfg = Release|Any CPU
		{4BEE3CD6-430E-4718-A4A1-1CF8000C6B16}.Release|x64.Build.0 = Release|Any CPU
		{4BEE3CD6-430E-4718-A4A1-1CF8000C6B16}.Release|x64.Deploy.0 = Release|Any CPU
		{4BEE3CD6-430E-4718-A4A1-1CF8000C6B16}.Release|x86.ActiveCfg = Release|Any CPU
		{4BEE3CD6-430E-4718-A4A1-1CF8000C6B16}.Release|x86.Build.0 = Release|Any CPU
		{4BEE3CD6-430E-4718-A4A1-1CF8000C6B16}.Release|x86.Deploy.0 = Release|Any CPU
		{14E6A35C-FA95-43ED-972A-807AA315FAED}.Ad-Hoc|Any CPU.ActiveCfg = Ad-Hoc|iPhone
		{14E6A35C-FA95-43ED-972A-807AA315FAED}.Ad-Hoc|ARM.ActiveCfg = Ad-Hoc|iPhone
		{14E6A35C-FA95-43ED-972A-807AA315FAED}.Ad-Hoc|iPhone.ActiveCfg = Ad-Hoc|iPhone
		{14E6A35C-FA95-43ED-972A-807AA315FAED}.Ad-Hoc|iPhone.Build.0 = Ad-Hoc|iPhone
		{14E6A35C-FA95-43ED-972A-807AA315FAED}.Ad-Hoc|iPhoneSimulator.ActiveCfg = Ad-Hoc|iPhoneSimulator
		{14E6A35C-FA95-43ED-972A-807AA315FAED}.Ad-Hoc|iPhoneSimulator.Build.0 = Ad-Hoc|iPhoneSimulator
		{14E6A35C-FA95-43ED-972A-807AA315FAED}.Ad-Hoc|x64.ActiveCfg = Ad-Hoc|iPhone
		{14E6A35C-FA95-43ED-972A-807AA315FAED}.Ad-Hoc|x86.ActiveCfg = Ad-Hoc|iPhone
		{14E6A35C-FA95-43ED-972A-807AA315FAED}.AppStore|Any CPU.ActiveCfg = AppStore|iPhone
		{14E6A35C-FA95-43ED-972A-807AA315FAED}.AppStore|ARM.ActiveCfg = AppStore|iPhone
		{14E6A35C-FA95-43ED-972A-807AA315FAED}.AppStore|iPhone.ActiveCfg = AppStore|iPhone
		{14E6A35C-FA95-43ED-972A-807AA315FAED}.AppStore|iPhone.Build.0 = AppStore|iPhone
		{14E6A35C-FA95-43ED-972A-807AA315FAED}.AppStore|iPhoneSimulator.ActiveCfg = AppStore|iPhoneSimulator
		{14E6A35C-FA95-43ED-972A-807AA315FAED}.AppStore|iPhoneSimulator.Build.0 = AppStore|iPhoneSimulator
		{14E6A35C-FA95-43ED-972A-807AA315FAED}.AppStore|x64.ActiveCfg = AppStore|iPhone
		{14E6A35C-FA95-43ED-972A-807AA315FAED}.AppStore|x86.ActiveCfg = AppStore|iPhone
		{14E6A35C-FA95-43ED-972A-807AA315FAED}.Debug|Any CPU.ActiveCfg = Debug|iPhone
		{14E6A35C-FA95-43ED-972A-807AA315FAED}.Debug|ARM.ActiveCfg = Debug|iPhone
		{14E6A35C-FA95-43ED-972A-807AA315FAED}.Debug|iPhone.ActiveCfg = Debug|iPhone
		{14E6A35C-FA95-43ED-972A-807AA315FAED}.Debug|iPhone.Build.0 = Debug|iPhone
		{14E6A35C-FA95-43ED-972A-807AA315FAED}.Debug|iPhoneSimulator.ActiveCfg = Debug|iPhoneSimulator
		{14E6A35C-FA95-43ED-972A-807AA315FAED}.Debug|iPhoneSimulator.Build.0 = Debug|iPhoneSimulator
		{14E6A35C-FA95-43ED-972A-807AA315FAED}.Debug|x64.ActiveCfg = Debug|iPhone
		{14E6A35C-FA95-43ED-972A-807AA315FAED}.Debug|x86.ActiveCfg = Debug|iPhone
		{14E6A35C-FA95-43ED-972A-807AA315FAED}.Release|Any CPU.ActiveCfg = Release|iPhone
		{14E6A35C-FA95-43ED-972A-807AA315FAED}.Release|ARM.ActiveCfg = Release|iPhone
		{14E6A35C-FA95-43ED-972A-807AA315FAED}.Release|iPhone.ActiveCfg = Release|iPhone
		{14E6A35C-FA95-43ED-972A-807AA315FAED}.Release|iPhone.Build.0 = Release|iPhone
		{14E6A35C-FA95-43ED-972A-807AA315FAED}.Release|iPhoneSimulator.ActiveCfg = Release|iPhoneSimulator
		{14E6A35C-FA95-43ED-972A-807AA315FAED}.Release|iPhoneSimulator.Build.0 = Release|iPhoneSimulator
		{14E6A35C-FA95-43ED-972A-807AA315FAED}.Release|x64.ActiveCfg = Release|iPhone
		{14E6A35C-FA95-43ED-972A-807AA315FAED}.Release|x86.ActiveCfg = Release|iPhone
		{67C7E52C-020F-4533-81B1-36E21C9C1F1D}.Ad-Hoc|Any CPU.ActiveCfg = Release|x86
		{67C7E52C-020F-4533-81B1-36E21C9C1F1D}.Ad-Hoc|Any CPU.Build.0 = Release|x86
		{67C7E52C-020F-4533-81B1-36E21C9C1F1D}.Ad-Hoc|Any CPU.Deploy.0 = Release|x86
		{67C7E52C-020F-4533-81B1-36E21C9C1F1D}.Ad-Hoc|ARM.ActiveCfg = Release|ARM
		{67C7E52C-020F-4533-81B1-36E21C9C1F1D}.Ad-Hoc|ARM.Build.0 = Release|ARM
		{67C7E52C-020F-4533-81B1-36E21C9C1F1D}.Ad-Hoc|ARM.Deploy.0 = Release|ARM
		{67C7E52C-020F-4533-81B1-36E21C9C1F1D}.Ad-Hoc|iPhone.ActiveCfg = Release|x86
		{67C7E52C-020F-4533-81B1-36E21C9C1F1D}.Ad-Hoc|iPhone.Build.0 = Release|x86
		{67C7E52C-020F-4533-81B1-36E21C9C1F1D}.Ad-Hoc|iPhone.Deploy.0 = Release|x86
		{67C7E52C-020F-4533-81B1-36E21C9C1F1D}.Ad-Hoc|iPhoneSimulator.ActiveCfg = Release|x86
		{67C7E52C-020F-4533-81B1-36E21C9C1F1D}.Ad-Hoc|iPhoneSimulator.Build.0 = Release|x86
		{67C7E52C-020F-4533-81B1-36E21C9C1F1D}.Ad-Hoc|iPhoneSimulator.Deploy.0 = Release|x86
		{67C7E52C-020F-4533-81B1-36E21C9C1F1D}.Ad-Hoc|x64.ActiveCfg = Release|x64
		{67C7E52C-020F-4533-81B1-36E21C9C1F1D}.Ad-Hoc|x64.Build.0 = Release|x64
		{67C7E52C-020F-4533-81B1-36E21C9C1F1D}.Ad-Hoc|x64.Deploy.0 = Release|x64
		{67C7E52C-020F-4533-81B1-36E21C9C1F1D}.Ad-Hoc|x86.ActiveCfg = Release|x86
		{67C7E52C-020F-4533-81B1-36E21C9C1F1D}.Ad-Hoc|x86.Build.0 = Release|x86
		{67C7E52C-020F-4533-81B1-36E21C9C1F1D}.Ad-Hoc|x86.Deploy.0 = Release|x86
		{67C7E52C-020F-4533-81B1-36E21C9C1F1D}.AppStore|Any CPU.ActiveCfg = Release|x86
		{67C7E52C-020F-4533-81B1-36E21C9C1F1D}.AppStore|Any CPU.Build.0 = Release|x86
		{67C7E52C-020F-4533-81B1-36E21C9C1F1D}.AppStore|Any CPU.Deploy.0 = Release|x86
		{67C7E52C-020F-4533-81B1-36E21C9C1F1D}.AppStore|ARM.ActiveCfg = Release|ARM
		{67C7E52C-020F-4533-81B1-36E21C9C1F1D}.AppStore|ARM.Build.0 = Release|ARM
		{67C7E52C-020F-4533-81B1-36E21C9C1F1D}.AppStore|ARM.Deploy.0 = Release|ARM
		{67C7E52C-020F-4533-81B1-36E21C9C1F1D}.AppStore|iPhone.ActiveCfg = Release|x86
		{67C7E52C-020F-4533-81B1-36E21C9C1F1D}.AppStore|iPhone.Build.0 = Release|x86
		{67C7E52C-020F-4533-81B1-36E21C9C1F1D}.AppStore|iPhone.Deploy.0 = Release|x86
		{67C7E52C-020F-4533-81B1-36E21C9C1F1D}.AppStore|iPhoneSimulator.ActiveCfg = Release|x86
		{67C7E52C-020F-4533-81B1-36E21C9C1F1D}.AppStore|iPhoneSimulator.Build.0 = Release|x86
		{67C7E52C-020F-4533-81B1-36E21C9C1F1D}.AppStore|iPhoneSimulator.Deploy.0 = Release|x86
		{67C7E52C-020F-4533-81B1-36E21C9C1F1D}.AppStore|x64.ActiveCfg = Release|x64
		{67C7E52C-020F-4533-81B1-36E21C9C1F1D}.AppStore|x64.Build.0 = Release|x64
		{67C7E52C-020F-4533-81B1-36E21C9C1F1D}.AppStore|x64.Deploy.0 = Release|x64
		{67C7E52C-020F-4533-81B1-36E21C9C1F1D}.AppStore|x86.ActiveCfg = Release|x86
		{67C7E52C-020F-4533-81B1-36E21C9C1F1D}.AppStore|x86.Build.0 = Release|x86
		{67C7E52C-020F-4533-81B1-36E21C9C1F1D}.AppStore|x86.Deploy.0 = Release|x86
		{67C7E52C-020F-4533-81B1-36E21C9C1F1D}.Debug|Any CPU.ActiveCfg = Debug|x86
		{67C7E52C-020F-4533-81B1-36E21C9C1F1D}.Debug|ARM.ActiveCfg = Debug|ARM
		{67C7E52C-020F-4533-81B1-36E21C9C1F1D}.Debug|ARM.Build.0 = Debug|ARM
		{67C7E52C-020F-4533-81B1-36E21C9C1F1D}.Debug|ARM.Deploy.0 = Debug|ARM
		{67C7E52C-020F-4533-81B1-36E21C9C1F1D}.Debug|iPhone.ActiveCfg = Debug|x86
		{67C7E52C-020F-4533-81B1-36E21C9C1F1D}.Debug|iPhoneSimulator.ActiveCfg = Debug|x86
		{67C7E52C-020F-4533-81B1-36E21C9C1F1D}.Debug|x64.ActiveCfg = Debug|x64
		{67C7E52C-020F-4533-81B1-36E21C9C1F1D}.Debug|x64.Build.0 = Debug|x64
		{67C7E52C-020F-4533-81B1-36E21C9C1F1D}.Debug|x64.Deploy.0 = Debug|x64
		{67C7E52C-020F-4533-81B1-36E21C9C1F1D}.Debug|x86.ActiveCfg = Debug|x86
		{67C7E52C-020F-4533-81B1-36E21C9C1F1D}.Debug|x86.Build.0 = Debug|x86
		{67C7E52C-020F-4533-81B1-36E21C9C1F1D}.Debug|x86.Deploy.0 = Debug|x86
		{67C7E52C-020F-4533-81B1-36E21C9C1F1D}.Release|Any CPU.ActiveCfg = Release|x86
		{67C7E52C-020F-4533-81B1-36E21C9C1F1D}.Release|ARM.ActiveCfg = Release|ARM
		{67C7E52C-020F-4533-81B1-36E21C9C1F1D}.Release|ARM.Build.0 = Release|ARM
		{67C7E52C-020F-4533-81B1-36E21C9C1F1D}.Release|ARM.Deploy.0 = Release|ARM
		{67C7E52C-020F-4533-81B1-36E21C9C1F1D}.Release|iPhone.ActiveCfg = Release|x86
		{67C7E52C-020F-4533-81B1-36E21C9C1F1D}.Release|iPhoneSimulator.ActiveCfg = Release|x86
		{67C7E52C-020F-4533-81B1-36E21C9C1F1D}.Release|x64.ActiveCfg = Release|x64
		{67C7E52C-020F-4533-81B1-36E21C9C1F1D}.Release|x64.Build.0 = Release|x64
		{67C7E52C-020F-4533-81B1-36E21C9C1F1D}.Release|x64.Deploy.0 = Release|x64
		{67C7E52C-020F-4533-81B1-36E21C9C1F1D}.Release|x86.ActiveCfg = Release|x86
		{67C7E52C-020F-4533-81B1-36E21C9C1F1D}.Release|x86.Build.0 = Release|x86
		{67C7E52C-020F-4533-81B1-36E21C9C1F1D}.Release|x86.Deploy.0 = Release|x86
		{B480BFF2-15FE-46E0-B736-9B6AE89E2B69}.Ad-Hoc|Any CPU.ActiveCfg = Debug|Any CPU
		{B480BFF2-15FE-46E0-B736-9B6AE89E2B69}.Ad-Hoc|Any CPU.Build.0 = Debug|Any CPU
		{B480BFF2-15FE-46E0-B736-9B6AE89E2B69}.Ad-Hoc|ARM.ActiveCfg = Debug|Any CPU
		{B480BFF2-15FE-46E0-B736-9B6AE89E2B69}.Ad-Hoc|ARM.Build.0 = Debug|Any CPU
		{B480BFF2-15FE-46E0-B736-9B6AE89E2B69}.Ad-Hoc|iPhone.ActiveCfg = Debug|Any CPU
		{B480BFF2-15FE-46E0-B736-9B6AE89E2B69}.Ad-Hoc|iPhone.Build.0 = Debug|Any CPU
		{B480BFF2-15FE-46E0-B736-9B6AE89E2B69}.Ad-Hoc|iPhoneSimulator.ActiveCfg = Debug|Any CPU
		{B480BFF2-15FE-46E0-B736-9B6AE89E2B69}.Ad-Hoc|iPhoneSimulator.Build.0 = Debug|Any CPU
		{B480BFF2-15FE-46E0-B736-9B6AE89E2B69}.Ad-Hoc|x64.ActiveCfg = Debug|Any CPU
		{B480BFF2-15FE-46E0-B736-9B6AE89E2B69}.Ad-Hoc|x64.Build.0 = Debug|Any CPU
		{B480BFF2-15FE-46E0-B736-9B6AE89E2B69}.Ad-Hoc|x86.ActiveCfg = Debug|Any CPU
		{B480BFF2-15FE-46E0-B736-9B6AE89E2B69}.Ad-Hoc|x86.Build.0 = Debug|Any CPU
		{B480BFF2-15FE-46E0-B736-9B6AE89E2B69}.AppStore|Any CPU.ActiveCfg = Debug|Any CPU
		{B480BFF2-15FE-46E0-B736-9B6AE89E2B69}.AppStore|Any CPU.Build.0 = Debug|Any CPU
		{B480BFF2-15FE-46E0-B736-9B6AE89E2B69}.AppStore|ARM.ActiveCfg = Debug|Any CPU
		{B480BFF2-15FE-46E0-B736-9B6AE89E2B69}.AppStore|ARM.Build.0 = Debug|Any CPU
		{B480BFF2-15FE-46E0-B736-9B6AE89E2B69}.AppStore|iPhone.ActiveCfg = Debug|Any CPU
		{B480BFF2-15FE-46E0-B736-9B6AE89E2B69}.AppStore|iPhone.Build.0 = Debug|Any CPU
		{B480BFF2-15FE-46E0-B736-9B6AE89E2B69}.AppStore|iPhoneSimulator.ActiveCfg = Debug|Any CPU
		{B480BFF2-15FE-46E0-B736-9B6AE89E2B69}.AppStore|iPhoneSimulator.Build.0 = Debug|Any CPU
		{B480BFF2-15FE-46E0-B736-9B6AE89E2B69}.AppStore|x64.ActiveCfg = Debug|Any CPU
		{B480BFF2-15FE-46E0-B736-9B6AE89E2B69}.AppStore|x64.Build.0 = Debug|Any CPU
		{B480BFF2-15FE-46E0-B736-9B6AE89E2B69}.AppStore|x86.ActiveCfg = Debug|Any CPU
		{B480BFF2-15FE-46E0-B736-9B6AE89E2B69}.AppStore|x86.Build.0 = Debug|Any CPU
		{B480BFF2-15FE-46E0-B736-9B6AE89E2B69}.Debug|Any CPU.ActiveCfg = Debug|Any CPU
		{B480BFF2-15FE-46E0-B736-9B6AE89E2B69}.Debug|Any CPU.Build.0 = Debug|Any CPU
		{B480BFF2-15FE-46E0-B736-9B6AE89E2B69}.Debug|ARM.ActiveCfg = Debug|Any CPU
		{B480BFF2-15FE-46E0-B736-9B6AE89E2B69}.Debug|ARM.Build.0 = Debug|Any CPU
		{B480BFF2-15FE-46E0-B736-9B6AE89E2B69}.Debug|iPhone.ActiveCfg = Debug|Any CPU
		{B480BFF2-15FE-46E0-B736-9B6AE89E2B69}.Debug|iPhone.Build.0 = Debug|Any CPU
		{B480BFF2-15FE-46E0-B736-9B6AE89E2B69}.Debug|iPhoneSimulator.ActiveCfg = Debug|Any CPU
		{B480BFF2-15FE-46E0-B736-9B6AE89E2B69}.Debug|iPhoneSimulator.Build.0 = Debug|Any CPU
		{B480BFF2-15FE-46E0-B736-9B6AE89E2B69}.Debug|x64.ActiveCfg = Debug|Any CPU
		{B480BFF2-15FE-46E0-B736-9B6AE89E2B69}.Debug|x64.Build.0 = Debug|Any CPU
		{B480BFF2-15FE-46E0-B736-9B6AE89E2B69}.Debug|x86.ActiveCfg = Debug|Any CPU
		{B480BFF2-15FE-46E0-B736-9B6AE89E2B69}.Debug|x86.Build.0 = Debug|Any CPU
		{B480BFF2-15FE-46E0-B736-9B6AE89E2B69}.Release|Any CPU.ActiveCfg = Release|Any CPU
		{B480BFF2-15FE-46E0-B736-9B6AE89E2B69}.Release|Any CPU.Build.0 = Release|Any CPU
		{B480BFF2-15FE-46E0-B736-9B6AE89E2B69}.Release|ARM.ActiveCfg = Release|Any CPU
		{B480BFF2-15FE-46E0-B736-9B6AE89E2B69}.Release|ARM.Build.0 = Release|Any CPU
		{B480BFF2-15FE-46E0-B736-9B6AE89E2B69}.Release|iPhone.ActiveCfg = Release|Any CPU
		{B480BFF2-15FE-46E0-B736-9B6AE89E2B69}.Release|iPhone.Build.0 = Release|Any CPU
		{B480BFF2-15FE-46E0-B736-9B6AE89E2B69}.Release|iPhoneSimulator.ActiveCfg = Release|Any CPU
		{B480BFF2-15FE-46E0-B736-9B6AE89E2B69}.Release|iPhoneSimulator.Build.0 = Release|Any CPU
		{B480BFF2-15FE-46E0-B736-9B6AE89E2B69}.Release|x64.ActiveCfg = Release|Any CPU
		{B480BFF2-15FE-46E0-B736-9B6AE89E2B69}.Release|x64.Build.0 = Release|Any CPU
		{B480BFF2-15FE-46E0-B736-9B6AE89E2B69}.Release|x86.ActiveCfg = Release|Any CPU
		{B480BFF2-15FE-46E0-B736-9B6AE89E2B69}.Release|x86.Build.0 = Release|Any CPU
	EndGlobalSection
	GlobalSection(SolutionProperties) = preSolution
		HideSolutionNode = FALSE
	EndGlobalSection
	GlobalSection(ExtensibilityGlobals) = postSolution
		SolutionGuid = {B2DD267A-FEAB-4B51-8F23-DAA475CF659E}
	EndGlobalSection
EndGlobal
